
Microsoft Visual Studio Solution File, Format Version 12.00
# Visual Studio 2013
VisualStudioVersion = 12.0.30723.0
MinimumVisualStudioVersion = 10.0.40219.1
Project("{FAE04EC0-301F-11D3-BF4B-00C04F79EFBC}") = "CodeFirstClient", "CodeFirstClient\CodeFirstClient.csproj", "{0B802A17-6E18-46F8-8E8F-07875BBFF29A}"
EndProject
Project("{FAE04EC0-301F-11D3-BF4B-00C04F79EFBC}") = "CodeFirstLib", "CodeFirstLib\CodeFirstLib.csproj", "{60031B11-23DD-4CC2-B844-080F1BD8FAB8}"
EndProject
Project("{2150E333-8FDC-42A3-9474-1A3956D46DE8}") = ".nuget", ".nuget", "{3F0A2147-A485-458E-85C5-35B6DCDE20F9}"
	ProjectSection(SolutionItems) = preProject
		.nuget\NuGet.Config = .nuget\NuGet.Config
		.nuget\NuGet.exe = .nuget\NuGet.exe
		.nuget\NuGet.targets = .nuget\NuGet.targets
	EndProjectSection
EndProject
Global
	GlobalSection(SolutionConfigurationPlatforms) = preSolution
		Debug|Any CPU = Debug|Any CPU
		Debug|Mixed Platforms = Debug|Mixed Platforms
		Debug|x86 = Debug|x86
		Release|Any CPU = Release|Any CPU
		Release|Mixed Platforms = Release|Mixed Platforms
		Release|x86 = Release|x86
	EndGlobalSection
	GlobalSection(ProjectConfigurationPlatforms) = postSolution
		{0B802A17-6E18-46F8-8E8F-07875BBFF29A}.Debug|Any CPU.ActiveCfg = Debug|x86
		{0B802A17-6E18-46F8-8E8F-07875BBFF29A}.Debug|Mixed Platforms.ActiveCfg = Debug|x86
		{0B802A17-6E18-46F8-8E8F-07875BBFF29A}.Debug|Mixed Platforms.Build.0 = Debug|x86
		{0B802A17-6E18-46F8-8E8F-07875BBFF29A}.Debug|x86.ActiveCfg = Debug|x86
		{0B802A17-6E18-46F8-8E8F-07875BBFF29A}.Debug|x86.Build.0 = Debug|x86
		{0B802A17-6E18-46F8-8E8F-07875BBFF29A}.Release|Any CPU.ActiveCfg = Release|x86
		{0B802A17-6E18-46F8-8E8F-07875BBFF29A}.Release|Mixed Platforms.ActiveCfg = Release|x86
		{0B802A17-6E18-46F8-8E8F-07875BBFF29A}.Release|Mixed Platforms.Build.0 = Release|x86
		{0B802A17-6E18-46F8-8E8F-07875BBFF29A}.Release|x86.ActiveCfg = Release|x86
		{0B802A17-6E18-46F8-8E8F-07875BBFF29A}.Release|x86.Build.0 = Release|x86
		{60031B11-23DD-4CC2-B844-080F1BD8FAB8}.Debug|Any CPU.ActiveCfg = Debug|Any CPU
		{60031B11-23DD-4CC2-B844-080F1BD8FAB8}.Debug|Any CPU.Build.0 = Debug|Any CPU
		{60031B11-23DD-4CC2-B844-080F1BD8FAB8}.Debug|Mixed Platforms.ActiveCfg = Debug|Any CPU
		{60031B11-23DD-4CC2-B844-080F1BD8FAB8}.Debug|Mixed Platforms.Build.0 = Debug|Any CPU
		{60031B11-23DD-4CC2-B844-080F1BD8FAB8}.Debug|x86.ActiveCfg = Debug|Any CPU
		{60031B11-23DD-4CC2-B844-080F1BD8FAB8}.Release|Any CPU.ActiveCfg = Release|Any CPU
		{60031B11-23DD-4CC2-B844-080F1BD8FAB8}.Release|Any CPU.Build.0 = Release|Any CPU
		{60031B11-23DD-4CC2-B844-080F1BD8FAB8}.Release|Mixed Platforms.ActiveCfg = Release|Any CPU
		{60031B11-23DD-4CC2-B844-080F1BD8FAB8}.Release|Mixed Platforms.Build.0 = Release|Any CPU
		{60031B11-23DD-4CC2-B844-080F1BD8FAB8}.Release|x86.ActiveCfg = Release|Any CPU
	EndGlobalSection
	GlobalSection(SolutionProperties) = preSolution
		HideSolutionNode = FALSE
	EndGlobalSection
EndGlobal
